
Microsoft Visual Studio Solution File, Format Version 12.00
# Visual Studio Version 17
VisualStudioVersion = 17.10.35013.160
MinimumVisualStudioVersion = 10.0.40219.1
Project("{FAE04EC0-301F-11D3-BF4B-00C04F79EFBC}") = "Doyohim_DictionaryProject", "Doyohim_DictionaryProject\Doyohim_DictionaryProject.csproj", "{1D622FB4-FB33-499C-9F08-7349D4AD82E8}"
EndProject
Global
	GlobalSection(SolutionConfigurationPlatforms) = preSolution
		Debug|Any CPU = Debug|Any CPU
		Release|Any CPU = Release|Any CPU
	EndGlobalSection
	GlobalSection(ProjectConfigurationPlatforms) = postSolution
		{1D622FB4-FB33-499C-9F08-7349D4AD82E8}.Debug|Any CPU.ActiveCfg = Debug|Any CPU
		{1D622FB4-FB33-499C-9F08-7349D4AD82E8}.Debug|Any CPU.Build.0 = Debug|Any CPU
		{1D622FB4-FB33-499C-9F08-7349D4AD82E8}.Release|Any CPU.ActiveCfg = Release|Any CPU
		{1D622FB4-FB33-499C-9F08-7349D4AD82E8}.Release|Any CPU.Build.0 = Release|Any CPU
	EndGlobalSection
	GlobalSection(SolutionProperties) = preSolution
		HideSolutionNode = FALSE
	EndGlobalSection
	GlobalSection(ExtensibilityGlobals) = postSolution
		SolutionGuid = {FFC5E2A8-E67C-4863-9D63-CD7E14B8B4C6}
	EndGlobalSection
EndGlobal
